
Microsoft Visual Studio Solution File, Format Version 12.00
# Visual Studio Version 17
VisualStudioVersion = 17.0.32014.148
MinimumVisualStudioVersion = 10.0.40219.1
Project("{8BC9CEB8-8B4A-11D0-8D11-00A0C91BC942}") = "BTG_Text_Power", "BTG_Text_Power\BTG_Text_Power.vcxproj", "{1B9D08DF-1C08-4960-BF50-3148590D84FE}"
EndProject
Global
	GlobalSection(SolutionConfigurationPlatforms) = preSolution
		Debug|x64 = Debug|x64
		Debug|x86 = Debug|x86
		Release|x64 = Release|x64
		Release|x86 = Release|x86
	EndGlobalSection
	GlobalSection(ProjectConfigurationPlatforms) = postSolution
		{1B9D08DF-1C08-4960-BF50-3148590D84FE}.Debug|x64.ActiveCfg = Debug|x64
		{1B9D08DF-1C08-4960-BF50-3148590D84FE}.Debug|x64.Build.0 = Debug|x64
		{1B9D08DF-1C08-4960-BF50-3148590D84FE}.Debug|x86.ActiveCfg = Debug|Win32
		{1B9D08DF-1C08-4960-BF50-3148590D84FE}.Debug|x86.Build.0 = Debug|Win32
		{1B9D08DF-1C08-4960-BF50-3148590D84FE}.Release|x64.ActiveCfg = Release|x64
		{1B9D08DF-1C08-4960-BF50-3148590D84FE}.Release|x64.Build.0 = Release|x64
		{1B9D08DF-1C08-4960-BF50-3148590D84FE}.Release|x86.ActiveCfg = Release|Win32
		{1B9D08DF-1C08-4960-BF50-3148590D84FE}.Release|x86.Build.0 = Release|Win32
	EndGlobalSection
	GlobalSection(SolutionProperties) = preSolution
		HideSolutionNode = FALSE
	EndGlobalSection
	GlobalSection(ExtensibilityGlobals) = postSolution
		SolutionGuid = {123D31D1-DFE3-4496-983B-09CBF7C3B93D}
	EndGlobalSection
EndGlobal
